# THIS IS AN AUTOGENERATED FILE. DO NOT EDIT THIS FILE DIRECTLY.
# yarn lockfile v1


sal.js@^0.6.2:
  version "0.6.2"
  resolved "https://registry.yarnpkg.com/sal.js/-/sal.js-0.6.2.tgz#24cbf2513ca736c571095ba3c6a89c81e6bccbe8"
  integrity sha512-YukeBnOrhLRoTQH1JvAOLCRVsK7AVNgnuy1L7Qy0dOBeW2cfP72U7hMCfEoQ9nn1KcBCyHaFZm5mfk2s/bQHIA==
